
Microsoft Visual Studio Solution File, Format Version 12.00
# Visual Studio 2012
Project("{FAE04EC0-301F-11D3-BF4B-00C04F79EFBC}") = "01.SimulateNNestedLoops", "SimulateNNestedLoops\01.SimulateNNestedLoops.csproj", "{DDB8DC4E-7121-47AE-A3E0-7F1E64ED09D5}"
EndProject
Project("{FAE04EC0-301F-11D3-BF4B-00C04F79EFBC}") = "02.CombinationsWithDuplicates", "CombinationsWithDuplicates\02.CombinationsWithDuplicates.csproj", "{794FE3A5-068C-4748-9A41-56E47903728F}"
EndProject
Project("{FAE04EC0-301F-11D3-BF4B-00C04F79EFBC}") = "03.CombinationsNoDuplicates", "CombinationsNoDuplicates\03.CombinationsNoDuplicates.csproj", "{D97CB03C-1006-4DA1-AC9A-060B5D0DCFA6}"
EndProject
Project("{FAE04EC0-301F-11D3-BF4B-00C04F79EFBC}") = "04.Permutations", "Permutations\04.Permutations.csproj", "{C026ACC2-63D5-4354-B3CB-FCFCBEF9B6C8}"
EndProject
Project("{FAE04EC0-301F-11D3-BF4B-00C04F79EFBC}") = "05.VariationsWithRepetition", "VariationsWithRepetition\05.VariationsWithRepetition.csproj", "{2545FE14-88A0-4936-BC47-A963A1129C11}"
EndProject
Project("{FAE04EC0-301F-11D3-BF4B-00C04F79EFBC}") = "06.Subset", "Subset\06.Subset.csproj", "{0A43D957-6CEA-4F94-BE9E-B08420620D40}"
EndProject
Project("{FAE04EC0-301F-11D3-BF4B-00C04F79EFBC}") = "07.AllPathsBetweenTwoCells", "AllPathsBetweenTwoCells\07.AllPathsBetweenTwoCells.csproj", "{919304FE-BF89-441D-B639-43A28C86D5C4}"
EndProject
Project("{FAE04EC0-301F-11D3-BF4B-00C04F79EFBC}") = "08.FindSinglePathBetweenTwoCells", "FindSinglePathBetweenTwoCells\08.FindSinglePathBetweenTwoCells.csproj", "{CA8CA9FA-473A-4C3C-AB72-32487C74BD70}"
EndProject
Project("{FAE04EC0-301F-11D3-BF4B-00C04F79EFBC}") = "09.FindLargestConnectedArea", "FindLargestConnectedArea\09.FindLargestConnectedArea.csproj", "{AA94554C-4D6C-419B-9D4B-44ACF906D454}"
EndProject
Project("{FAE04EC0-301F-11D3-BF4B-00C04F79EFBC}") = "11.PermutationsWithRepetitions", "PermutationsWithRepetitions\11.PermutationsWithRepetitions.csproj", "{79092FA6-7EC8-4C22-801A-C450DD796E30}"
EndProject
Project("{FAE04EC0-301F-11D3-BF4B-00C04F79EFBC}") = "10.FindAllConnectedAreas", "FindAllConnectedAreas\10.FindAllConnectedAreas.csproj", "{B83F2692-A3B4-401D-B772-49298D5A5A80}"
EndProject
Project("{FAE04EC0-301F-11D3-BF4B-00C04F79EFBC}") = "12.EightQueensPuzzle", "EightQueensPuzzle\12.EightQueensPuzzle.csproj", "{DB1A1269-368E-49EE-9878-0F37CF5C956A}"
EndProject
Global
	GlobalSection(SolutionConfigurationPlatforms) = preSolution
		Debug|Any CPU = Debug|Any CPU
		Release|Any CPU = Release|Any CPU
	EndGlobalSection
	GlobalSection(ProjectConfigurationPlatforms) = postSolution
		{DDB8DC4E-7121-47AE-A3E0-7F1E64ED09D5}.Debug|Any CPU.ActiveCfg = Debug|Any CPU
		{DDB8DC4E-7121-47AE-A3E0-7F1E64ED09D5}.Debug|Any CPU.Build.0 = Debug|Any CPU
		{DDB8DC4E-7121-47AE-A3E0-7F1E64ED09D5}.Release|Any CPU.ActiveCfg = Release|Any CPU
		{DDB8DC4E-7121-47AE-A3E0-7F1E64ED09D5}.Release|Any CPU.Build.0 = Release|Any CPU
		{794FE3A5-068C-4748-9A41-56E47903728F}.Debug|Any CPU.ActiveCfg = Debug|Any CPU
		{794FE3A5-068C-4748-9A41-56E47903728F}.Debug|Any CPU.Build.0 = Debug|Any CPU
		{794FE3A5-068C-4748-9A41-56E47903728F}.Release|Any CPU.ActiveCfg = Release|Any CPU
		{794FE3A5-068C-4748-9A41-56E47903728F}.Release|Any CPU.Build.0 = Release|Any CPU
		{D97CB03C-1006-4DA1-AC9A-060B5D0DCFA6}.Debug|Any CPU.ActiveCfg = Debug|Any CPU
		{D97CB03C-1006-4DA1-AC9A-060B5D0DCFA6}.Debug|Any CPU.Build.0 = Debug|Any CPU
		{D97CB03C-1006-4DA1-AC9A-060B5D0DCFA6}.Release|Any CPU.ActiveCfg = Release|Any CPU
		{D97CB03C-1006-4DA1-AC9A-060B5D0DCFA6}.Release|Any CPU.Build.0 = Release|Any CPU
		{C026ACC2-63D5-4354-B3CB-FCFCBEF9B6C8}.Debug|Any CPU.ActiveCfg = Debug|Any CPU
		{C026ACC2-63D5-4354-B3CB-FCFCBEF9B6C8}.Debug|Any CPU.Build.0 = Debug|Any CPU
		{C026ACC2-63D5-4354-B3CB-FCFCBEF9B6C8}.Release|Any CPU.ActiveCfg = Release|Any CPU
		{C026ACC2-63D5-4354-B3CB-FCFCBEF9B6C8}.Release|Any CPU.Build.0 = Release|Any CPU
		{2545FE14-88A0-4936-BC47-A963A1129C11}.Debug|Any CPU.ActiveCfg = Debug|Any CPU
		{2545FE14-88A0-4936-BC47-A963A1129C11}.Debug|Any CPU.Build.0 = Debug|Any CPU
		{2545FE14-88A0-4936-BC47-A963A1129C11}.Release|Any CPU.ActiveCfg = Release|Any CPU
		{2545FE14-88A0-4936-BC47-A963A1129C11}.Release|Any CPU.Build.0 = Release|Any CPU
		{0A43D957-6CEA-4F94-BE9E-B08420620D40}.Debug|Any CPU.ActiveCfg = Debug|Any CPU
		{0A43D957-6CEA-4F94-BE9E-B08420620D40}.Debug|Any CPU.Build.0 = Debug|Any CPU
		{0A43D957-6CEA-4F94-BE9E-B08420620D40}.Release|Any CPU.ActiveCfg = Release|Any CPU
		{0A43D957-6CEA-4F94-BE9E-B08420620D40}.Release|Any CPU.Build.0 = Release|Any CPU
		{919304FE-BF89-441D-B639-43A28C86D5C4}.Debug|Any CPU.ActiveCfg = Debug|Any CPU
		{919304FE-BF89-441D-B639-43A28C86D5C4}.Debug|Any CPU.Build.0 = Debug|Any CPU
		{919304FE-BF89-441D-B639-43A28C86D5C4}.Release|Any CPU.ActiveCfg = Release|Any CPU
		{919304FE-BF89-441D-B639-43A28C86D5C4}.Release|Any CPU.Build.0 = Release|Any CPU
		{CA8CA9FA-473A-4C3C-AB72-32487C74BD70}.Debug|Any CPU.ActiveCfg = Debug|Any CPU
		{CA8CA9FA-473A-4C3C-AB72-32487C74BD70}.Debug|Any CPU.Build.0 = Debug|Any CPU
		{CA8CA9FA-473A-4C3C-AB72-32487C74BD70}.Release|Any CPU.ActiveCfg = Release|Any CPU
		{CA8CA9FA-473A-4C3C-AB72-32487C74BD70}.Release|Any CPU.Build.0 = Release|Any CPU
		{AA94554C-4D6C-419B-9D4B-44ACF906D454}.Debug|Any CPU.ActiveCfg = Debug|Any CPU
		{AA94554C-4D6C-419B-9D4B-44ACF906D454}.Debug|Any CPU.Build.0 = Debug|Any CPU
		{AA94554C-4D6C-419B-9D4B-44ACF906D454}.Release|Any CPU.ActiveCfg = Release|Any CPU
		{AA94554C-4D6C-419B-9D4B-44ACF906D454}.Release|Any CPU.Build.0 = Release|Any CPU
		{79092FA6-7EC8-4C22-801A-C450DD796E30}.Debug|Any CPU.ActiveCfg = Debug|Any CPU
		{79092FA6-7EC8-4C22-801A-C450DD796E30}.Debug|Any CPU.Build.0 = Debug|Any CPU
		{79092FA6-7EC8-4C22-801A-C450DD796E30}.Release|Any CPU.ActiveCfg = Release|Any CPU
		{79092FA6-7EC8-4C22-801A-C450DD796E30}.Release|Any CPU.Build.0 = Release|Any CPU
		{B83F2692-A3B4-401D-B772-49298D5A5A80}.Debug|Any CPU.ActiveCfg = Debug|Any CPU
		{B83F2692-A3B4-401D-B772-49298D5A5A80}.Debug|Any CPU.Build.0 = Debug|Any CPU
		{B83F2692-A3B4-401D-B772-49298D5A5A80}.Release|Any CPU.ActiveCfg = Release|Any CPU
		{B83F2692-A3B4-401D-B772-49298D5A5A80}.Release|Any CPU.Build.0 = Release|Any CPU
		{DB1A1269-368E-49EE-9878-0F37CF5C956A}.Debug|Any CPU.ActiveCfg = Debug|Any CPU
		{DB1A1269-368E-49EE-9878-0F37CF5C956A}.Debug|Any CPU.Build.0 = Debug|Any CPU
		{DB1A1269-368E-49EE-9878-0F37CF5C956A}.Release|Any CPU.ActiveCfg = Release|Any CPU
		{DB1A1269-368E-49EE-9878-0F37CF5C956A}.Release|Any CPU.Build.0 = Release|Any CPU
	EndGlobalSection
	GlobalSection(SolutionProperties) = preSolution
		HideSolutionNode = FALSE
	EndGlobalSection
EndGlobal
