
Microsoft Visual Studio Solution File, Format Version 12.00
# Visual Studio 2012
Project("{FAE04EC0-301F-11D3-BF4B-00C04F79EFBC}") = "1.Shapes", "Shapes\1.Shapes.csproj", "{C0AA1ED1-ED2E-4164-BAFE-5F4C1015DFB7}"
EndProject
Project("{FAE04EC0-301F-11D3-BF4B-00C04F79EFBC}") = "2.Bank", "Bank\2.Bank.csproj", "{6507E9B7-2587-48E5-8330-A6238DC4FD6F}"
EndProject
Project("{FAE04EC0-301F-11D3-BF4B-00C04F79EFBC}") = "3.InvalidRangeException", "InvalidRangeException\3.InvalidRangeException.csproj", "{8CDCF613-454D-4934-9F98-601239315BF4}"
EndProject
Global
	GlobalSection(SolutionConfigurationPlatforms) = preSolution
		Debug|Any CPU = Debug|Any CPU
		Release|Any CPU = Release|Any CPU
	EndGlobalSection
	GlobalSection(ProjectConfigurationPlatforms) = postSolution
		{C0AA1ED1-ED2E-4164-BAFE-5F4C1015DFB7}.Debug|Any CPU.ActiveCfg = Debug|Any CPU
		{C0AA1ED1-ED2E-4164-BAFE-5F4C1015DFB7}.Debug|Any CPU.Build.0 = Debug|Any CPU
		{C0AA1ED1-ED2E-4164-BAFE-5F4C1015DFB7}.Release|Any CPU.ActiveCfg = Release|Any CPU
		{C0AA1ED1-ED2E-4164-BAFE-5F4C1015DFB7}.Release|Any CPU.Build.0 = Release|Any CPU
		{6507E9B7-2587-48E5-8330-A6238DC4FD6F}.Debug|Any CPU.ActiveCfg = Debug|Any CPU
		{6507E9B7-2587-48E5-8330-A6238DC4FD6F}.Debug|Any CPU.Build.0 = Debug|Any CPU
		{6507E9B7-2587-48E5-8330-A6238DC4FD6F}.Release|Any CPU.ActiveCfg = Release|Any CPU
		{6507E9B7-2587-48E5-8330-A6238DC4FD6F}.Release|Any CPU.Build.0 = Release|Any CPU
		{8CDCF613-454D-4934-9F98-601239315BF4}.Debug|Any CPU.ActiveCfg = Debug|Any CPU
		{8CDCF613-454D-4934-9F98-601239315BF4}.Debug|Any CPU.Build.0 = Debug|Any CPU
		{8CDCF613-454D-4934-9F98-601239315BF4}.Release|Any CPU.ActiveCfg = Release|Any CPU
		{8CDCF613-454D-4934-9F98-601239315BF4}.Release|Any CPU.Build.0 = Release|Any CPU
	EndGlobalSection
	GlobalSection(SolutionProperties) = preSolution
		HideSolutionNode = FALSE
	EndGlobalSection
EndGlobal
