
Microsoft Visual Studio Solution File, Format Version 12.00
# Visual Studio 2012
Project("{FAE04EC0-301F-11D3-BF4B-00C04F79EFBC}") = "2.Salaries", "Salaries\2.Salaries.csproj", "{1AE205E5-47C2-4CC5-B6A7-6F91BAB8FFEB}"
EndProject
Project("{FAE04EC0-301F-11D3-BF4B-00C04F79EFBC}") = "1.FriendsOfPesho", "FriendsOfPesho\1.FriendsOfPesho.csproj", "{F6BC9166-E620-48AF-88DA-AAC725546E9A}"
EndProject
Project("{FAE04EC0-301F-11D3-BF4B-00C04F79EFBC}") = "3.TVCompany", "TVCompany\3.TVCompany.csproj", "{073FC77B-8F01-46D3-AC82-05006B196752}"
EndProject
Global
	GlobalSection(SolutionConfigurationPlatforms) = preSolution
		Debug|Any CPU = Debug|Any CPU
		Release|Any CPU = Release|Any CPU
	EndGlobalSection
	GlobalSection(ProjectConfigurationPlatforms) = postSolution
		{1AE205E5-47C2-4CC5-B6A7-6F91BAB8FFEB}.Debug|Any CPU.ActiveCfg = Debug|Any CPU
		{1AE205E5-47C2-4CC5-B6A7-6F91BAB8FFEB}.Debug|Any CPU.Build.0 = Debug|Any CPU
		{1AE205E5-47C2-4CC5-B6A7-6F91BAB8FFEB}.Release|Any CPU.ActiveCfg = Release|Any CPU
		{1AE205E5-47C2-4CC5-B6A7-6F91BAB8FFEB}.Release|Any CPU.Build.0 = Release|Any CPU
		{F6BC9166-E620-48AF-88DA-AAC725546E9A}.Debug|Any CPU.ActiveCfg = Debug|Any CPU
		{F6BC9166-E620-48AF-88DA-AAC725546E9A}.Debug|Any CPU.Build.0 = Debug|Any CPU
		{F6BC9166-E620-48AF-88DA-AAC725546E9A}.Release|Any CPU.ActiveCfg = Release|Any CPU
		{F6BC9166-E620-48AF-88DA-AAC725546E9A}.Release|Any CPU.Build.0 = Release|Any CPU
		{073FC77B-8F01-46D3-AC82-05006B196752}.Debug|Any CPU.ActiveCfg = Debug|Any CPU
		{073FC77B-8F01-46D3-AC82-05006B196752}.Debug|Any CPU.Build.0 = Debug|Any CPU
		{073FC77B-8F01-46D3-AC82-05006B196752}.Release|Any CPU.ActiveCfg = Release|Any CPU
		{073FC77B-8F01-46D3-AC82-05006B196752}.Release|Any CPU.Build.0 = Release|Any CPU
	EndGlobalSection
	GlobalSection(SolutionProperties) = preSolution
		HideSolutionNode = FALSE
	EndGlobalSection
EndGlobal
