
Microsoft Visual Studio Solution File, Format Version 12.00
# Visual Studio 2012
Project("{FAE04EC0-301F-11D3-BF4B-00C04F79EFBC}") = "StudentSystem.Models", "StudentSystem.Models\StudentSystem.Models.csproj", "{99517CBD-39E9-499E-AEE0-76580CA59743}"
EndProject
Project("{FAE04EC0-301F-11D3-BF4B-00C04F79EFBC}") = "StudentSystem.Data", "StudentSystem.Data\StudentSystem.Data.csproj", "{B177E773-4099-4AB8-A3BF-FE40AC4EE2EE}"
EndProject
Project("{FAE04EC0-301F-11D3-BF4B-00C04F79EFBC}") = "StudentSystem.Client", "StudentSystem.Client\StudentSystem.Client.csproj", "{4758027B-4BD3-4585-B143-045178E4E484}"
EndProject
Global
	GlobalSection(SolutionConfigurationPlatforms) = preSolution
		Debug|Any CPU = Debug|Any CPU
		Release|Any CPU = Release|Any CPU
	EndGlobalSection
	GlobalSection(ProjectConfigurationPlatforms) = postSolution
		{99517CBD-39E9-499E-AEE0-76580CA59743}.Debug|Any CPU.ActiveCfg = Debug|Any CPU
		{99517CBD-39E9-499E-AEE0-76580CA59743}.Debug|Any CPU.Build.0 = Debug|Any CPU
		{99517CBD-39E9-499E-AEE0-76580CA59743}.Release|Any CPU.ActiveCfg = Release|Any CPU
		{99517CBD-39E9-499E-AEE0-76580CA59743}.Release|Any CPU.Build.0 = Release|Any CPU
		{B177E773-4099-4AB8-A3BF-FE40AC4EE2EE}.Debug|Any CPU.ActiveCfg = Debug|Any CPU
		{B177E773-4099-4AB8-A3BF-FE40AC4EE2EE}.Debug|Any CPU.Build.0 = Debug|Any CPU
		{B177E773-4099-4AB8-A3BF-FE40AC4EE2EE}.Release|Any CPU.ActiveCfg = Release|Any CPU
		{B177E773-4099-4AB8-A3BF-FE40AC4EE2EE}.Release|Any CPU.Build.0 = Release|Any CPU
		{4758027B-4BD3-4585-B143-045178E4E484}.Debug|Any CPU.ActiveCfg = Debug|Any CPU
		{4758027B-4BD3-4585-B143-045178E4E484}.Debug|Any CPU.Build.0 = Debug|Any CPU
		{4758027B-4BD3-4585-B143-045178E4E484}.Release|Any CPU.ActiveCfg = Release|Any CPU
		{4758027B-4BD3-4585-B143-045178E4E484}.Release|Any CPU.Build.0 = Release|Any CPU
	EndGlobalSection
	GlobalSection(SolutionProperties) = preSolution
		HideSolutionNode = FALSE
	EndGlobalSection
EndGlobal
