
Microsoft Visual Studio Solution File, Format Version 12.00
# Visual Studio 2012
Project("{FAE04EC0-301F-11D3-BF4B-00C04F79EFBC}") = "1.Coins", "Coins\1.Coins.csproj", "{621DF87F-9DE3-4A87-9F37-5FE2070FA318}"
EndProject
Project("{FAE04EC0-301F-11D3-BF4B-00C04F79EFBC}") = "2.IsPointInTriangle", "IsPointInTriangle\2.IsPointInTriangle.csproj", "{56CCE5FB-D809-4891-87AB-35AE29F7B6F2}"
EndProject
Global
	GlobalSection(SolutionConfigurationPlatforms) = preSolution
		Debug|Any CPU = Debug|Any CPU
		Release|Any CPU = Release|Any CPU
	EndGlobalSection
	GlobalSection(ProjectConfigurationPlatforms) = postSolution
		{621DF87F-9DE3-4A87-9F37-5FE2070FA318}.Debug|Any CPU.ActiveCfg = Debug|Any CPU
		{621DF87F-9DE3-4A87-9F37-5FE2070FA318}.Debug|Any CPU.Build.0 = Debug|Any CPU
		{621DF87F-9DE3-4A87-9F37-5FE2070FA318}.Release|Any CPU.ActiveCfg = Release|Any CPU
		{621DF87F-9DE3-4A87-9F37-5FE2070FA318}.Release|Any CPU.Build.0 = Release|Any CPU
		{56CCE5FB-D809-4891-87AB-35AE29F7B6F2}.Debug|Any CPU.ActiveCfg = Debug|Any CPU
		{56CCE5FB-D809-4891-87AB-35AE29F7B6F2}.Debug|Any CPU.Build.0 = Debug|Any CPU
		{56CCE5FB-D809-4891-87AB-35AE29F7B6F2}.Release|Any CPU.ActiveCfg = Release|Any CPU
		{56CCE5FB-D809-4891-87AB-35AE29F7B6F2}.Release|Any CPU.Build.0 = Release|Any CPU
	EndGlobalSection
	GlobalSection(SolutionProperties) = preSolution
		HideSolutionNode = FALSE
	EndGlobalSection
EndGlobal
