
Microsoft Visual Studio Solution File, Format Version 12.00
# Visual Studio 2012
Project("{FAE04EC0-301F-11D3-BF4B-00C04F79EFBC}") = "TelerikAcademy.Model", "TelerikAcademy.Model\TelerikAcademy.Model.csproj", "{64C2B068-3013-49F5-B632-BAFA11614DC3}"
EndProject
Project("{FAE04EC0-301F-11D3-BF4B-00C04F79EFBC}") = "TelerikAcademy.Client", "TelerikAcademy.Client\TelerikAcademy.Client.csproj", "{28DF0EEE-7BB5-4482-9526-C17969D55CD7}"
EndProject
Global
	GlobalSection(SolutionConfigurationPlatforms) = preSolution
		Debug|Any CPU = Debug|Any CPU
		Release|Any CPU = Release|Any CPU
	EndGlobalSection
	GlobalSection(ProjectConfigurationPlatforms) = postSolution
		{64C2B068-3013-49F5-B632-BAFA11614DC3}.Debug|Any CPU.ActiveCfg = Debug|Any CPU
		{64C2B068-3013-49F5-B632-BAFA11614DC3}.Debug|Any CPU.Build.0 = Debug|Any CPU
		{64C2B068-3013-49F5-B632-BAFA11614DC3}.Release|Any CPU.ActiveCfg = Release|Any CPU
		{64C2B068-3013-49F5-B632-BAFA11614DC3}.Release|Any CPU.Build.0 = Release|Any CPU
		{28DF0EEE-7BB5-4482-9526-C17969D55CD7}.Debug|Any CPU.ActiveCfg = Debug|Any CPU
		{28DF0EEE-7BB5-4482-9526-C17969D55CD7}.Debug|Any CPU.Build.0 = Debug|Any CPU
		{28DF0EEE-7BB5-4482-9526-C17969D55CD7}.Release|Any CPU.ActiveCfg = Release|Any CPU
		{28DF0EEE-7BB5-4482-9526-C17969D55CD7}.Release|Any CPU.Build.0 = Release|Any CPU
	EndGlobalSection
	GlobalSection(SolutionProperties) = preSolution
		HideSolutionNode = FALSE
	EndGlobalSection
EndGlobal
